github.com/yanyiwu/gojieba v1.1.2 h1:BMwKCwg3G+Nw/Ctqzm/gNgN/6Ljf0Y4f7ddKlzTA+TM=
github.com/yanyiwu/gojieba v1.1.2/go.mod h1:54wkP7sMJ6bklf7yPl6F+JG71dzVUU1WigZbR47nGdY=
github.com/zone-7/andflow_plugin v1.0.2 h1:JYBI2p1cG0ZCK/FY7uFcCr+UTLz/OmbafbQuezVvKdY=
github.com/zone-7/andflow_plugin v1.0.2/go.mod h1:5/9+HOn2NjqMWAgJEHrERzGoc4gh9K4FIYbhCdFT0ZI=
